
Microsoft Visual Studio Solution File, Format Version 12.00
# Visual Studio Version 17
VisualStudioVersion = 17.5.33516.290
MinimumVisualStudioVersion = 10.0.40219.1
Project("{9A19103F-16F7-4668-BE54-9A1E7A4F7556}") = "SignalRHubSample", "SignalRHubSample\SignalRHubSample.csproj", "{4C7AEEB4-772D-49E1-90B0-E36C7F2C942D}"
EndProject
Project("{9A19103F-16F7-4668-BE54-9A1E7A4F7556}") = "SignalRHubClientSample", "SignalRHubClientSample\SignalRHubClientSample.csproj", "{F997A8BA-B51D-400B-BCBE-4018ACFA959E}"
EndProject
Global
	GlobalSection(SolutionConfigurationPlatforms) = preSolution
		Debug|Any CPU = Debug|Any CPU
		Release|Any CPU = Release|Any CPU
	EndGlobalSection
	GlobalSection(ProjectConfigurationPlatforms) = postSolution
		{4C7AEEB4-772D-49E1-90B0-E36C7F2C942D}.Debug|Any CPU.ActiveCfg = Debug|Any CPU
		{4C7AEEB4-772D-49E1-90B0-E36C7F2C942D}.Debug|Any CPU.Build.0 = Debug|Any CPU
		{4C7AEEB4-772D-49E1-90B0-E36C7F2C942D}.Release|Any CPU.ActiveCfg = Release|Any CPU
		{4C7AEEB4-772D-49E1-90B0-E36C7F2C942D}.Release|Any CPU.Build.0 = Release|Any CPU
		{F997A8BA-B51D-400B-BCBE-4018ACFA959E}.Debug|Any CPU.ActiveCfg = Debug|Any CPU
		{F997A8BA-B51D-400B-BCBE-4018ACFA959E}.Debug|Any CPU.Build.0 = Debug|Any CPU
		{F997A8BA-B51D-400B-BCBE-4018ACFA959E}.Release|Any CPU.ActiveCfg = Release|Any CPU
		{F997A8BA-B51D-400B-BCBE-4018ACFA959E}.Release|Any CPU.Build.0 = Release|Any CPU
	EndGlobalSection
	GlobalSection(SolutionProperties) = preSolution
		HideSolutionNode = FALSE
	EndGlobalSection
	GlobalSection(ExtensibilityGlobals) = postSolution
		SolutionGuid = {735693D3-27F3-48D6-A3E6-056BD536F6BE}
	EndGlobalSection
EndGlobal
